
Microsoft Visual Studio Solution File, Format Version 12.00
# Visual Studio Version 16
VisualStudioVersion = 25.0.1706.14
MinimumVisualStudioVersion = 10.0.40219.1
Project("{FAE04EC0-301F-11D3-BF4B-00C04F79EFBC}") = "github-dashboard", "github-dashboard\github-dashboard.csproj", "{CC4C8183-1B9F-4834-9163-F4FD84A58723}"
EndProject
Global
	GlobalSection(SolutionConfigurationPlatforms) = preSolution
		Debug|Any CPU = Debug|Any CPU
		Release|Any CPU = Release|Any CPU
	EndGlobalSection
	GlobalSection(ProjectConfigurationPlatforms) = postSolution
		{CC4C8183-1B9F-4834-9163-F4FD84A58723}.Debug|Any CPU.ActiveCfg = Debug|Any CPU
		{CC4C8183-1B9F-4834-9163-F4FD84A58723}.Debug|Any CPU.Build.0 = Debug|Any CPU
		{CC4C8183-1B9F-4834-9163-F4FD84A58723}.Release|Any CPU.ActiveCfg = Release|Any CPU
		{CC4C8183-1B9F-4834-9163-F4FD84A58723}.Release|Any CPU.Build.0 = Release|Any CPU
	EndGlobalSection
	GlobalSection(SolutionProperties) = preSolution
		HideSolutionNode = FALSE
	EndGlobalSection
	GlobalSection(ExtensibilityGlobals) = postSolution
		SolutionGuid = {7663C46B-6DEF-459C-B2C5-F49663F48919}
	EndGlobalSection
EndGlobal
